// !$*UTF8*$!
{
	archiveVersion = 1;
	classes = {
	};
	objectVersion = 48;
	objects = {

/* Begin PBXBuildFile section */
		4CA30EBD2DF615D0A122029D /* Pods_SwiftLogica1.framework in Frameworks */ = {isa = PBXBuildFile; fileRef = 53D88724C1256B3D3BEC2679 /* Pods_SwiftLogica1.framework */; };
		4E37F2F72109EE260066F8E8 /* UIViewController+Extension.swift in Sources */ = {isa = PBXBuildFile; fileRef = 4E37F2F62109EE260066F8E8 /* UIViewController+Extension.swift */; };
		4EA20B2C210112C0000A9BE2 /* CardValidatorViewController.swift in Sources */ = {isa = PBXBuildFile; fileRef = 4EA20B2B210112C0000A9BE2 /* CardValidatorViewController.swift */; };
		4EA20B2D210112C0000A9BE2 /* CardValidatorViewController.swift in Sources */ = {isa = PBXBuildFile; fileRef = 4EA20B2B210112C0000A9BE2 /* CardValidatorViewController.swift */; };
		4EA20B2E210112C0000A9BE2 /* CardValidatorViewController.swift in Sources */ = {isa = PBXBuildFile; fileRef = 4EA20B2B210112C0000A9BE2 /* CardValidatorViewController.swift */; };
		4EA20B3021011338000A9BE2 /* RomanConverterViewController.swift in Sources */ = {isa = PBXBuildFile; fileRef = 4EA20B2F21011338000A9BE2 /* RomanConverterViewController.swift */; };
		4EA20B3121011338000A9BE2 /* RomanConverterViewController.swift in Sources */ = {isa = PBXBuildFile; fileRef = 4EA20B2F21011338000A9BE2 /* RomanConverterViewController.swift */; };
		4EA20B3221011338000A9BE2 /* RomanConverterViewController.swift in Sources */ = {isa = PBXBuildFile; fileRef = 4EA20B2F21011338000A9BE2 /* RomanConverterViewController.swift */; };
		4EA20B34210113AF000A9BE2 /* CardValidatorView.swift in Sources */ = {isa = PBXBuildFile; fileRef = 4EA20B33210113AF000A9BE2 /* CardValidatorView.swift */; };
		4EA20B35210113AF000A9BE2 /* CardValidatorView.swift in Sources */ = {isa = PBXBuildFile; fileRef = 4EA20B33210113AF000A9BE2 /* CardValidatorView.swift */; };
		4EA20B36210113AF000A9BE2 /* CardValidatorView.swift in Sources */ = {isa = PBXBuildFile; fileRef = 4EA20B33210113AF000A9BE2 /* CardValidatorView.swift */; };
		4EA20B38210113C8000A9BE2 /* RomanConverterView.swift in Sources */ = {isa = PBXBuildFile; fileRef = 4EA20B37210113C8000A9BE2 /* RomanConverterView.swift */; };
		4EA20B39210113C8000A9BE2 /* RomanConverterView.swift in Sources */ = {isa = PBXBuildFile; fileRef = 4EA20B37210113C8000A9BE2 /* RomanConverterView.swift */; };
		4EA20B3A210113C8000A9BE2 /* RomanConverterView.swift in Sources */ = {isa = PBXBuildFile; fileRef = 4EA20B37210113C8000A9BE2 /* RomanConverterView.swift */; };
		4EA20B3C21011406000A9BE2 /* LuhnAlgorithm.swift in Sources */ = {isa = PBXBuildFile; fileRef = 4EA20B3B21011406000A9BE2 /* LuhnAlgorithm.swift */; };
		4EA20B3D21011406000A9BE2 /* LuhnAlgorithm.swift in Sources */ = {isa = PBXBuildFile; fileRef = 4EA20B3B21011406000A9BE2 /* LuhnAlgorithm.swift */; };
		4EA20B3E21011406000A9BE2 /* LuhnAlgorithm.swift in Sources */ = {isa = PBXBuildFile; fileRef = 4EA20B3B21011406000A9BE2 /* LuhnAlgorithm.swift */; };
		4EA20B40210115A2000A9BE2 /* RomanConvert.swift in Sources */ = {isa = PBXBuildFile; fileRef = 4EA20B3F210115A2000A9BE2 /* RomanConvert.swift */; };
		4EA20B41210115A2000A9BE2 /* RomanConvert.swift in Sources */ = {isa = PBXBuildFile; fileRef = 4EA20B3F210115A2000A9BE2 /* RomanConvert.swift */; };
		4EA20B42210115A2000A9BE2 /* RomanConvert.swift in Sources */ = {isa = PBXBuildFile; fileRef = 4EA20B3F210115A2000A9BE2 /* RomanConvert.swift */; };
		4EA20B4421011D62000A9BE2 /* RomanManager.swift in Sources */ = {isa = PBXBuildFile; fileRef = 4EA20B4321011D62000A9BE2 /* RomanManager.swift */; };
		4EA20B4521011D62000A9BE2 /* RomanManager.swift in Sources */ = {isa = PBXBuildFile; fileRef = 4EA20B4321011D62000A9BE2 /* RomanManager.swift */; };
		4EA20B4621011D62000A9BE2 /* RomanManager.swift in Sources */ = {isa = PBXBuildFile; fileRef = 4EA20B4321011D62000A9BE2 /* RomanManager.swift */; };
		4EA20B4821011D86000A9BE2 /* CardValidateManager.swift in Sources */ = {isa = PBXBuildFile; fileRef = 4EA20B4721011D86000A9BE2 /* CardValidateManager.swift */; };
		4EA20B4921011D86000A9BE2 /* CardValidateManager.swift in Sources */ = {isa = PBXBuildFile; fileRef = 4EA20B4721011D86000A9BE2 /* CardValidateManager.swift */; };
		4EA20B4A21011D86000A9BE2 /* CardValidateManager.swift in Sources */ = {isa = PBXBuildFile; fileRef = 4EA20B4721011D86000A9BE2 /* CardValidateManager.swift */; };
		4EAC704A2108EAF200C13536 /* RomanConvertV2.swift in Sources */ = {isa = PBXBuildFile; fileRef = 4EAC70492108EAF200C13536 /* RomanConvertV2.swift */; };
		4EAEAA8D2107B5CA00B5307F /* Verify.swift in Sources */ = {isa = PBXBuildFile; fileRef = 4EAEAA8C2107B5CA00B5307F /* Verify.swift */; };
		4EAEAA8F2107B83300B5307F /* Validations.swift in Sources */ = {isa = PBXBuildFile; fileRef = 4EAEAA8E2107B83300B5307F /* Validations.swift */; };
		67557DFA2101FE5D00583BA7 /* GlobalStrings.swift in Sources */ = {isa = PBXBuildFile; fileRef = 67557DF92101FE5D00583BA7 /* GlobalStrings.swift */; };
		67C74C552101042400AF494E /* AppDelegate.swift in Sources */ = {isa = PBXBuildFile; fileRef = 67C74C542101042400AF494E /* AppDelegate.swift */; };
		67C74C5A2101042400AF494E /* Main.storyboard in Resources */ = {isa = PBXBuildFile; fileRef = 67C74C582101042400AF494E /* Main.storyboard */; };
		67C74C5C2101042400AF494E /* Assets.xcassets in Resources */ = {isa = PBXBuildFile; fileRef = 67C74C5B2101042400AF494E /* Assets.xcassets */; };
		67C74C5F2101042400AF494E /* LaunchScreen.storyboard in Resources */ = {isa = PBXBuildFile; fileRef = 67C74C5D2101042400AF494E /* LaunchScreen.storyboard */; };
		67C74C6A2101042400AF494E /* SwiftLogica1Tests.swift in Sources */ = {isa = PBXBuildFile; fileRef = 67C74C692101042400AF494E /* SwiftLogica1Tests.swift */; };
		67C74C752101042400AF494E /* SwiftLogica1UITests.swift in Sources */ = {isa = PBXBuildFile; fileRef = 67C74C742101042400AF494E /* SwiftLogica1UITests.swift */; };
		9860E603994C9E701C924DC4 /* Pods_SwiftLogica1Tests.framework in Frameworks */ = {isa = PBXBuildFile; fileRef = 03DB677E3EB77A39B1160E7D /* Pods_SwiftLogica1Tests.framework */; };
		DEF49D99364198CDE6D787A2 /* Pods_SwiftLogica1UITests.framework in Frameworks */ = {isa = PBXBuildFile; fileRef = 2EF9DF5ABA0AFC7F14CED8A8 /* Pods_SwiftLogica1UITests.framework */; };
/* End PBXBuildFile section */

/* Begin PBXContainerItemProxy section */
		67C74C662101042400AF494E /* PBXContainerItemProxy */ = {
			isa = PBXContainerItemProxy;
			containerPortal = 67C74C492101042300AF494E /* Project object */;
			proxyType = 1;
			remoteGlobalIDString = 67C74C502101042400AF494E;
			remoteInfo = SwiftLogica1;
		};
		67C74C712101042400AF494E /* PBXContainerItemProxy */ = {
			isa = PBXContainerItemProxy;
			containerPortal = 67C74C492101042300AF494E /* Project object */;
			proxyType = 1;
			remoteGlobalIDString = 67C74C502101042400AF494E;
			remoteInfo = SwiftLogica1;
		};
/* End PBXContainerItemProxy section */

/* Begin PBXFileReference section */
		03DB677E3EB77A39B1160E7D /* Pods_SwiftLogica1Tests.framework */ = {isa = PBXFileReference; explicitFileType = wrapper.framework; includeInIndex = 0; path = Pods_SwiftLogica1Tests.framework; sourceTree = BUILT_PRODUCTS_DIR; };
		22C43AAB2CDE70A6DA8AB243 /* Pods-SwiftLogica1.release.xcconfig */ = {isa = PBXFileReference; includeInIndex = 1; lastKnownFileType = text.xcconfig; name = "Pods-SwiftLogica1.release.xcconfig"; path = "Pods/Target Support Files/Pods-SwiftLogica1/Pods-SwiftLogica1.release.xcconfig"; sourceTree = "<group>"; };
		2EF9DF5ABA0AFC7F14CED8A8 /* Pods_SwiftLogica1UITests.framework */ = {isa = PBXFileReference; explicitFileType = wrapper.framework; includeInIndex = 0; path = Pods_SwiftLogica1UITests.framework; sourceTree = BUILT_PRODUCTS_DIR; };
		3F77867BBB6844B136B7670C /* Pods-SwiftLogica1Tests.release.xcconfig */ = {isa = PBXFileReference; includeInIndex = 1; lastKnownFileType = text.xcconfig; name = "Pods-SwiftLogica1Tests.release.xcconfig"; path = "Pods/Target Support Files/Pods-SwiftLogica1Tests/Pods-SwiftLogica1Tests.release.xcconfig"; sourceTree = "<group>"; };
		44A76E8774AB14166988CEE4 /* Pods-SwiftLogica1UITests.debug.xcconfig */ = {isa = PBXFileReference; includeInIndex = 1; lastKnownFileType = text.xcconfig; name = "Pods-SwiftLogica1UITests.debug.xcconfig"; path = "Pods/Target Support Files/Pods-SwiftLogica1UITests/Pods-SwiftLogica1UITests.debug.xcconfig"; sourceTree = "<group>"; };
		4AFD9E6E1F6CA6A53AB48818 /* Pods-SwiftLogica1Tests.debug.xcconfig */ = {isa = PBXFileReference; includeInIndex = 1; lastKnownFileType = text.xcconfig; name = "Pods-SwiftLogica1Tests.debug.xcconfig"; path = "Pods/Target Support Files/Pods-SwiftLogica1Tests/Pods-SwiftLogica1Tests.debug.xcconfig"; sourceTree = "<group>"; };
		4E37F2F62109EE260066F8E8 /* UIViewController+Extension.swift */ = {isa = PBXFileReference; lastKnownFileType = sourcecode.swift; path = "UIViewController+Extension.swift"; sourceTree = "<group>"; };
		4EA20B2B210112C0000A9BE2 /* CardValidatorViewController.swift */ = {isa = PBXFileReference; lastKnownFileType = sourcecode.swift; path = CardValidatorViewController.swift; sourceTree = "<group>"; };
		4EA20B2F21011338000A9BE2 /* RomanConverterViewController.swift */ = {isa = PBXFileReference; lastKnownFileType = sourcecode.swift; path = RomanConverterViewController.swift; sourceTree = "<group>"; };
		4EA20B33210113AF000A9BE2 /* CardValidatorView.swift */ = {isa = PBXFileReference; lastKnownFileType = sourcecode.swift; path = CardValidatorView.swift; sourceTree = "<group>"; };
		4EA20B37210113C8000A9BE2 /* RomanConverterView.swift */ = {isa = PBXFileReference; lastKnownFileType = sourcecode.swift; path = RomanConverterView.swift; sourceTree = "<group>"; };
		4EA20B3B21011406000A9BE2 /* LuhnAlgorithm.swift */ = {isa = PBXFileReference; fileEncoding = 4; lastKnownFileType = sourcecode.swift; path = LuhnAlgorithm.swift; sourceTree = "<group>"; };
		4EA20B3F210115A2000A9BE2 /* RomanConvert.swift */ = {isa = PBXFileReference; lastKnownFileType = sourcecode.swift; path = RomanConvert.swift; sourceTree = "<group>"; };
		4EA20B4321011D62000A9BE2 /* RomanManager.swift */ = {isa = PBXFileReference; lastKnownFileType = sourcecode.swift; path = RomanManager.swift; sourceTree = "<group>"; };
		4EA20B4721011D86000A9BE2 /* CardValidateManager.swift */ = {isa = PBXFileReference; lastKnownFileType = sourcecode.swift; path = CardValidateManager.swift; sourceTree = "<group>"; };
		4EAC70492108EAF200C13536 /* RomanConvertV2.swift */ = {isa = PBXFileReference; lastKnownFileType = sourcecode.swift; path = RomanConvertV2.swift; sourceTree = "<group>"; };
		4EAEAA8C2107B5CA00B5307F /* Verify.swift */ = {isa = PBXFileReference; lastKnownFileType = sourcecode.swift; path = Verify.swift; sourceTree = "<group>"; };
		4EAEAA8E2107B83300B5307F /* Validations.swift */ = {isa = PBXFileReference; lastKnownFileType = sourcecode.swift; path = Validations.swift; sourceTree = "<group>"; };
		53D88724C1256B3D3BEC2679 /* Pods_SwiftLogica1.framework */ = {isa = PBXFileReference; explicitFileType = wrapper.framework; includeInIndex = 0; path = Pods_SwiftLogica1.framework; sourceTree = BUILT_PRODUCTS_DIR; };
		67557DF92101FE5D00583BA7 /* GlobalStrings.swift */ = {isa = PBXFileReference; lastKnownFileType = sourcecode.swift; path = GlobalStrings.swift; sourceTree = "<group>"; };
		67C74C512101042400AF494E /* SwiftLogica1.app */ = {isa = PBXFileReference; explicitFileType = wrapper.application; includeInIndex = 0; path = SwiftLogica1.app; sourceTree = BUILT_PRODUCTS_DIR; };
		67C74C542101042400AF494E /* AppDelegate.swift */ = {isa = PBXFileReference; lastKnownFileType = sourcecode.swift; path = AppDelegate.swift; sourceTree = "<group>"; };
		67C74C592101042400AF494E /* Base */ = {isa = PBXFileReference; lastKnownFileType = file.storyboard; name = Base; path = Base.lproj/Main.storyboard; sourceTree = "<group>"; };
		67C74C5B2101042400AF494E /* Assets.xcassets */ = {isa = PBXFileReference; lastKnownFileType = folder.assetcatalog; path = Assets.xcassets; sourceTree = "<group>"; };
		67C74C5E2101042400AF494E /* Base */ = {isa = PBXFileReference; lastKnownFileType = file.storyboard; name = Base; path = Base.lproj/LaunchScreen.storyboard; sourceTree = "<group>"; };
		67C74C602101042400AF494E /* Info.plist */ = {isa = PBXFileReference; lastKnownFileType = text.plist.xml; path = Info.plist; sourceTree = "<group>"; };
		67C74C652101042400AF494E /* SwiftLogica1Tests.xctest */ = {isa = PBXFileReference; explicitFileType = wrapper.cfbundle; includeInIndex = 0; path = SwiftLogica1Tests.xctest; sourceTree = BUILT_PRODUCTS_DIR; };
		67C74C692101042400AF494E /* SwiftLogica1Tests.swift */ = {isa = PBXFileReference; lastKnownFileType = sourcecode.swift; path = SwiftLogica1Tests.swift; sourceTree = "<group>"; };
		67C74C6B2101042400AF494E /* Info.plist */ = {isa = PBXFileReference; lastKnownFileType = text.plist.xml; path = Info.plist; sourceTree = "<group>"; };
		67C74C702101042400AF494E /* SwiftLogica1UITests.xctest */ = {isa = PBXFileReference; explicitFileType = wrapper.cfbundle; includeInIndex = 0; path = SwiftLogica1UITests.xctest; sourceTree = BUILT_PRODUCTS_DIR; };
		67C74C742101042400AF494E /* SwiftLogica1UITests.swift */ = {isa = PBXFileReference; lastKnownFileType = sourcecode.swift; path = SwiftLogica1UITests.swift; sourceTree = "<group>"; };
		67C74C762101042400AF494E /* Info.plist */ = {isa = PBXFileReference; lastKnownFileType = text.plist.xml; path = Info.plist; sourceTree = "<group>"; };
		E34F8E3C39ECBFA25E223CAF /* Pods-SwiftLogica1UITests.release.xcconfig */ = {isa = PBXFileReference; includeInIndex = 1; lastKnownFileType = text.xcconfig; name = "Pods-SwiftLogica1UITests.release.xcconfig"; path = "Pods/Target Support Files/Pods-SwiftLogica1UITests/Pods-SwiftLogica1UITests.release.xcconfig"; sourceTree = "<group>"; };
		EE4417A3412FD12AC9872A83 /* Pods-SwiftLogica1.debug.xcconfig */ = {isa = PBXFileReference; includeInIndex = 1; lastKnownFileType = text.xcconfig; name = "Pods-SwiftLogica1.debug.xcconfig"; path = "Pods/Target Support Files/Pods-SwiftLogica1/Pods-SwiftLogica1.debug.xcconfig"; sourceTree = "<group>"; };
/* End PBXFileReference section */

/* Begin PBXFrameworksBuildPhase section */
		67C74C4E2101042400AF494E /* Frameworks */ = {
			isa = PBXFrameworksBuildPhase;
			buildActionMask = 2147483647;
			files = (
				4CA30EBD2DF615D0A122029D /* Pods_SwiftLogica1.framework in Frameworks */,
			);
			runOnlyForDeploymentPostprocessing = 0;
		};
		67C74C622101042400AF494E /* Frameworks */ = {
			isa = PBXFrameworksBuildPhase;
			buildActionMask = 2147483647;
			files = (
				9860E603994C9E701C924DC4 /* Pods_SwiftLogica1Tests.framework in Frameworks */,
			);
			runOnlyForDeploymentPostprocessing = 0;
		};
		67C74C6D2101042400AF494E /* Frameworks */ = {
			isa = PBXFrameworksBuildPhase;
			buildActionMask = 2147483647;
			files = (
				DEF49D99364198CDE6D787A2 /* Pods_SwiftLogica1UITests.framework in Frameworks */,
			);
			runOnlyForDeploymentPostprocessing = 0;
		};
/* End PBXFrameworksBuildPhase section */

/* Begin PBXGroup section */
		3438BAFD7A83B9B2C236A935 /* Pods */ = {
			isa = PBXGroup;
			children = (
				EE4417A3412FD12AC9872A83 /* Pods-SwiftLogica1.debug.xcconfig */,
				22C43AAB2CDE70A6DA8AB243 /* Pods-SwiftLogica1.release.xcconfig */,
				4AFD9E6E1F6CA6A53AB48818 /* Pods-SwiftLogica1Tests.debug.xcconfig */,
				3F77867BBB6844B136B7670C /* Pods-SwiftLogica1Tests.release.xcconfig */,
				44A76E8774AB14166988CEE4 /* Pods-SwiftLogica1UITests.debug.xcconfig */,
				E34F8E3C39ECBFA25E223CAF /* Pods-SwiftLogica1UITests.release.xcconfig */,
			);
			name = Pods;
			sourceTree = "<group>";
		};
		4EA20B2421010D8B000A9BE2 /* Source */ = {
			isa = PBXGroup;
			children = (
				4EA20B2821010DE6000A9BE2 /* Business */,
				4EA20B2721010DCD000A9BE2 /* Manager */,
				4EA20B2621010DC2000A9BE2 /* View */,
				4EA20B2521010D99000A9BE2 /* Controller */,
				67557DF92101FE5D00583BA7 /* GlobalStrings.swift */,
			);
			path = Source;
			sourceTree = "<group>";
		};
		4EA20B2521010D99000A9BE2 /* Controller */ = {
			isa = PBXGroup;
			children = (
				4EA20B2B210112C0000A9BE2 /* CardValidatorViewController.swift */,
				4EA20B2F21011338000A9BE2 /* RomanConverterViewController.swift */,
				4E37F2F62109EE260066F8E8 /* UIViewController+Extension.swift */,
			);
			path = Controller;
			sourceTree = "<group>";
		};
		4EA20B2621010DC2000A9BE2 /* View */ = {
			isa = PBXGroup;
			children = (
				4EA20B33210113AF000A9BE2 /* CardValidatorView.swift */,
				4EA20B37210113C8000A9BE2 /* RomanConverterView.swift */,
			);
			path = View;
			sourceTree = "<group>";
		};
		4EA20B2721010DCD000A9BE2 /* Manager */ = {
			isa = PBXGroup;
			children = (
				4EA20B4321011D62000A9BE2 /* RomanManager.swift */,
				4EA20B4721011D86000A9BE2 /* CardValidateManager.swift */,
				4EAEAA8E2107B83300B5307F /* Validations.swift */,
			);
			path = Manager;
			sourceTree = "<group>";
		};
		4EA20B2821010DE6000A9BE2 /* Business */ = {
			isa = PBXGroup;
			children = (
				4EA20B3B21011406000A9BE2 /* LuhnAlgorithm.swift */,
				4EA20B3F210115A2000A9BE2 /* RomanConvert.swift */,
				4EAEAA8C2107B5CA00B5307F /* Verify.swift */,
				4EAC70492108EAF200C13536 /* RomanConvertV2.swift */,
			);
			path = Business;
			sourceTree = "<group>";
		};
		67C74C482101042300AF494E = {
			isa = PBXGroup;
			children = (
				67C74C532101042400AF494E /* SwiftLogica1 */,
				67C74C682101042400AF494E /* SwiftLogica1Tests */,
				67C74C732101042400AF494E /* SwiftLogica1UITests */,
				67C74C522101042400AF494E /* Products */,
				3438BAFD7A83B9B2C236A935 /* Pods */,
				F7CC83F07D39DB8D72A9CF24 /* Frameworks */,
			);
			sourceTree = "<group>";
		};
		67C74C522101042400AF494E /* Products */ = {
			isa = PBXGroup;
			children = (
				67C74C512101042400AF494E /* SwiftLogica1.app */,
				67C74C652101042400AF494E /* SwiftLogica1Tests.xctest */,
				67C74C702101042400AF494E /* SwiftLogica1UITests.xctest */,
			);
			name = Products;
			sourceTree = "<group>";
		};
		67C74C532101042400AF494E /* SwiftLogica1 */ = {
			isa = PBXGroup;
			children = (
				4EA20B2421010D8B000A9BE2 /* Source */,
				67C74C542101042400AF494E /* AppDelegate.swift */,
				67C74C582101042400AF494E /* Main.storyboard */,
				67C74C5B2101042400AF494E /* Assets.xcassets */,
				67C74C5D2101042400AF494E /* LaunchScreen.storyboard */,
				67C74C602101042400AF494E /* Info.plist */,
			);
			path = SwiftLogica1;
			sourceTree = "<group>";
		};
		67C74C682101042400AF494E /* SwiftLogica1Tests */ = {
			isa = PBXGroup;
			children = (
				67C74C692101042400AF494E /* SwiftLogica1Tests.swift */,
				67C74C6B2101042400AF494E /* Info.plist */,
			);
			path = SwiftLogica1Tests;
			sourceTree = "<group>";
		};
		67C74C732101042400AF494E /* SwiftLogica1UITests */ = {
			isa = PBXGroup;
			children = (
				67C74C742101042400AF494E /* SwiftLogica1UITests.swift */,
				67C74C762101042400AF494E /* Info.plist */,
			);
			path = SwiftLogica1UITests;
			sourceTree = "<group>";
		};
		F7CC83F07D39DB8D72A9CF24 /* Frameworks */ = {
			isa = PBXGroup;
			children = (
				53D88724C1256B3D3BEC2679 /* Pods_SwiftLogica1.framework */,
				03DB677E3EB77A39B1160E7D /* Pods_SwiftLogica1Tests.framework */,
				2EF9DF5ABA0AFC7F14CED8A8 /* Pods_SwiftLogica1UITests.framework */,
			);
			name = Frameworks;
			sourceTree = "<group>";
		};
/* End PBXGroup section */

/* Begin PBXNativeTarget section */
		67C74C502101042400AF494E /* SwiftLogica1 */ = {
			isa = PBXNativeTarget;
			buildConfigurationList = 67C74C792101042400AF494E /* Build configuration list for PBXNativeTarget "SwiftLogica1" */;
			buildPhases = (
				A2FA94C4F3EC0A653EA3D573 /* [CP] Check Pods Manifest.lock */,
				67C74C4D2101042400AF494E /* Sources */,
				67C74C4E2101042400AF494E /* Frameworks */,
				67C74C4F2101042400AF494E /* Resources */,
			);
			buildRules = (
			);
			dependencies = (
			);
			name = SwiftLogica1;
			productName = SwiftLogica1;
			productReference = 67C74C512101042400AF494E /* SwiftLogica1.app */;
			productType = "com.apple.product-type.application";
		};
		67C74C642101042400AF494E /* SwiftLogica1Tests */ = {
			isa = PBXNativeTarget;
			buildConfigurationList = 67C74C7C2101042400AF494E /* Build configuration list for PBXNativeTarget "SwiftLogica1Tests" */;
			buildPhases = (
				46C96D3D31F2F988823EA9E4 /* [CP] Check Pods Manifest.lock */,
				67C74C612101042400AF494E /* Sources */,
				67C74C622101042400AF494E /* Frameworks */,
				67C74C632101042400AF494E /* Resources */,
			);
			buildRules = (
			);
			dependencies = (
				67C74C672101042400AF494E /* PBXTargetDependency */,
			);
			name = SwiftLogica1Tests;
			productName = SwiftLogica1Tests;
			productReference = 67C74C652101042400AF494E /* SwiftLogica1Tests.xctest */;
			productType = "com.apple.product-type.bundle.unit-test";
		};
		67C74C6F2101042400AF494E /* SwiftLogica1UITests */ = {
			isa = PBXNativeTarget;
			buildConfigurationList = 67C74C7F2101042400AF494E /* Build configuration list for PBXNativeTarget "SwiftLogica1UITests" */;
			buildPhases = (
				FA3E5B77FEAA2358473CD7F9 /* [CP] Check Pods Manifest.lock */,
				67C74C6C2101042400AF494E /* Sources */,
				67C74C6D2101042400AF494E /* Frameworks */,
				67C74C6E2101042400AF494E /* Resources */,
			);
			buildRules = (
			);
			dependencies = (
				67C74C722101042400AF494E /* PBXTargetDependency */,
			);
			name = SwiftLogica1UITests;
			productName = SwiftLogica1UITests;
			productReference = 67C74C702101042400AF494E /* SwiftLogica1UITests.xctest */;
			productType = "com.apple.product-type.bundle.ui-testing";
		};
/* End PBXNativeTarget section */

/* Begin PBXProject section */
		67C74C492101042300AF494E /* Project object */ = {
			isa = PBXProject;
			attributes = {
				LastSwiftUpdateCheck = 0920;
				LastUpgradeCheck = 0940;
				ORGANIZATIONNAME = "Paulo César Morandi Massuci";
				TargetAttributes = {
					67C74C502101042400AF494E = {
						CreatedOnToolsVersion = 9.2;
						ProvisioningStyle = Automatic;
					};
					67C74C642101042400AF494E = {
						CreatedOnToolsVersion = 9.2;
						ProvisioningStyle = Automatic;
						TestTargetID = 67C74C502101042400AF494E;
					};
					67C74C6F2101042400AF494E = {
						CreatedOnToolsVersion = 9.2;
						ProvisioningStyle = Automatic;
						TestTargetID = 67C74C502101042400AF494E;
					};
				};
			};
			buildConfigurationList = 67C74C4C2101042300AF494E /* Build configuration list for PBXProject "SwiftLogica1" */;
			compatibilityVersion = "Xcode 8.0";
			developmentRegion = en;
			hasScannedForEncodings = 0;
			knownRegions = (
				en,
				Base,
			);
			mainGroup = 67C74C482101042300AF494E;
			productRefGroup = 67C74C522101042400AF494E /* Products */;
			projectDirPath = "";
			projectRoot = "";
			targets = (
				67C74C502101042400AF494E /* SwiftLogica1 */,
				67C74C642101042400AF494E /* SwiftLogica1Tests */,
				67C74C6F2101042400AF494E /* SwiftLogica1UITests */,
			);
		};
/* End PBXProject section */

/* Begin PBXResourcesBuildPhase section */
		67C74C4F2101042400AF494E /* Resources */ = {
			isa = PBXResourcesBuildPhase;
			buildActionMask = 2147483647;
			files = (
				67C74C5F2101042400AF494E /* LaunchScreen.storyboard in Resources */,
				67C74C5C2101042400AF494E /* Assets.xcassets in Resources */,
				67C74C5A2101042400AF494E /* Main.storyboard in Resources */,
			);
			runOnlyForDeploymentPostprocessing = 0;
		};
		67C74C632101042400AF494E /* Resources */ = {
			isa = PBXResourcesBuildPhase;
			buildActionMask = 2147483647;
			files = (
			);
			runOnlyForDeploymentPostprocessing = 0;
		};
		67C74C6E2101042400AF494E /* Resources */ = {
			isa = PBXResourcesBuildPhase;
			buildActionMask = 2147483647;
			files = (
			);
			runOnlyForDeploymentPostprocessing = 0;
		};
/* End PBXResourcesBuildPhase section */

/* Begin PBXShellScriptBuildPhase section */
		46C96D3D31F2F988823EA9E4 /* [CP] Check Pods Manifest.lock */ = {
			isa = PBXShellScriptBuildPhase;
			buildActionMask = 2147483647;
			files = (
			);
			inputPaths = (
				"${PODS_PODFILE_DIR_PATH}/Podfile.lock",
				"${PODS_ROOT}/Manifest.lock",
			);
			name = "[CP] Check Pods Manifest.lock";
			outputPaths = (
				"$(DERIVED_FILE_DIR)/Pods-SwiftLogica1Tests-checkManifestLockResult.txt",
			);
			runOnlyForDeploymentPostprocessing = 0;
			shellPath = /bin/sh;
			shellScript = "diff \"${PODS_PODFILE_DIR_PATH}/Podfile.lock\" \"${PODS_ROOT}/Manifest.lock\" > /dev/null\nif [ $? != 0 ] ; then\n    # print error to STDERR\n    echo \"error: The sandbox is not in sync with the Podfile.lock. Run 'pod install' or update your CocoaPods installation.\" >&2\n    exit 1\nfi\n# This output is used by Xcode 'outputs' to avoid re-running this script phase.\necho \"SUCCESS\" > \"${SCRIPT_OUTPUT_FILE_0}\"\n";
			showEnvVarsInLog = 0;
		};
		A2FA94C4F3EC0A653EA3D573 /* [CP] Check Pods Manifest.lock */ = {
			isa = PBXShellScriptBuildPhase;
			buildActionMask = 2147483647;
			files = (
			);
			inputPaths = (
				"${PODS_PODFILE_DIR_PATH}/Podfile.lock",
				"${PODS_ROOT}/Manifest.lock",
			);
			name = "[CP] Check Pods Manifest.lock";
			outputPaths = (
				"$(DERIVED_FILE_DIR)/Pods-SwiftLogica1-checkManifestLockResult.txt",
			);
			runOnlyForDeploymentPostprocessing = 0;
			shellPath = /bin/sh;
			shellScript = "diff \"${PODS_PODFILE_DIR_PATH}/Podfile.lock\" \"${PODS_ROOT}/Manifest.lock\" > /dev/null\nif [ $? != 0 ] ; then\n    # print error to STDERR\n    echo \"error: The sandbox is not in sync with the Podfile.lock. Run 'pod install' or update your CocoaPods installation.\" >&2\n    exit 1\nfi\n# This output is used by Xcode 'outputs' to avoid re-running this script phase.\necho \"SUCCESS\" > \"${SCRIPT_OUTPUT_FILE_0}\"\n";
			showEnvVarsInLog = 0;
		};
		FA3E5B77FEAA2358473CD7F9 /* [CP] Check Pods Manifest.lock */ = {
			isa = PBXShellScriptBuildPhase;
			buildActionMask = 2147483647;
			files = (
			);
			inputPaths = (
				"${PODS_PODFILE_DIR_PATH}/Podfile.lock",
				"${PODS_ROOT}/Manifest.lock",
			);
			name = "[CP] Check Pods Manifest.lock";
			outputPaths = (
				"$(DERIVED_FILE_DIR)/Pods-SwiftLogica1UITests-checkManifestLockResult.txt",
			);
			runOnlyForDeploymentPostprocessing = 0;
			shellPath = /bin/sh;
			shellScript = "diff \"${PODS_PODFILE_DIR_PATH}/Podfile.lock\" \"${PODS_ROOT}/Manifest.lock\" > /dev/null\nif [ $? != 0 ] ; then\n    # print error to STDERR\n    echo \"error: The sandbox is not in sync with the Podfile.lock. Run 'pod install' or update your CocoaPods installation.\" >&2\n    exit 1\nfi\n# This output is used by Xcode 'outputs' to avoid re-running this script phase.\necho \"SUCCESS\" > \"${SCRIPT_OUTPUT_FILE_0}\"\n";
			showEnvVarsInLog = 0;
		};
/* End PBXShellScriptBuildPhase section */

/* Begin PBXSourcesBuildPhase section */
		67C74C4D2101042400AF494E /* Sources */ = {
			isa = PBXSourcesBuildPhase;
			buildActionMask = 2147483647;
			files = (
				4EAC704A2108EAF200C13536 /* RomanConvertV2.swift in Sources */,
				4EAEAA8D2107B5CA00B5307F /* Verify.swift in Sources */,
				4EA20B40210115A2000A9BE2 /* RomanConvert.swift in Sources */,
				67C74C552101042400AF494E /* AppDelegate.swift in Sources */,
				4E37F2F72109EE260066F8E8 /* UIViewController+Extension.swift in Sources */,
				4EA20B34210113AF000A9BE2 /* CardValidatorView.swift in Sources */,
				4EA20B3C21011406000A9BE2 /* LuhnAlgorithm.swift in Sources */,
				4EA20B4821011D86000A9BE2 /* CardValidateManager.swift in Sources */,
				67557DFA2101FE5D00583BA7 /* GlobalStrings.swift in Sources */,
				4EA20B2C210112C0000A9BE2 /* CardValidatorViewController.swift in Sources */,
				4EA20B4421011D62000A9BE2 /* RomanManager.swift in Sources */,
				4EA20B3021011338000A9BE2 /* RomanConverterViewController.swift in Sources */,
				4EAEAA8F2107B83300B5307F /* Validations.swift in Sources */,
				4EA20B38210113C8000A9BE2 /* RomanConverterView.swift in Sources */,
			);
			runOnlyForDeploymentPostprocessing = 0;
		};
		67C74C612101042400AF494E /* Sources */ = {
			isa = PBXSourcesBuildPhase;
			buildActionMask = 2147483647;
			files = (
				4EA20B41210115A2000A9BE2 /* RomanConvert.swift in Sources */,
				67C74C6A2101042400AF494E /* SwiftLogica1Tests.swift in Sources */,
				4EA20B35210113AF000A9BE2 /* CardValidatorView.swift in Sources */,
				4EA20B3D21011406000A9BE2 /* LuhnAlgorithm.swift in Sources */,
				4EA20B4921011D86000A9BE2 /* CardValidateManager.swift in Sources */,
				4EA20B2D210112C0000A9BE2 /* CardValidatorViewController.swift in Sources */,
				4EA20B4521011D62000A9BE2 /* RomanManager.swift in Sources */,
				4EA20B3121011338000A9BE2 /* RomanConverterViewController.swift in Sources */,
				4EA20B39210113C8000A9BE2 /* RomanConverterView.swift in Sources */,
			);
			runOnlyForDeploymentPostprocessing = 0;
		};
		67C74C6C2101042400AF494E /* Sources */ = {
			isa = PBXSourcesBuildPhase;
			buildActionMask = 2147483647;
			files = (
				4EA20B42210115A2000A9BE2 /* RomanConvert.swift in Sources */,
				67C74C752101042400AF494E /* SwiftLogica1UITests.swift in Sources */,
				4EA20B36210113AF000A9BE2 /* CardValidatorView.swift in Sources */,
				4EA20B3E21011406000A9BE2 /* LuhnAlgorithm.swift in Sources */,
				4EA20B4A21011D86000A9BE2 /* CardValidateManager.swift in Sources */,
				4EA20B2E210112C0000A9BE2 /* CardValidatorViewController.swift in Sources */,
				4EA20B4621011D62000A9BE2 /* RomanManager.swift in Sources */,
				4EA20B3221011338000A9BE2 /* RomanConverterViewController.swift in Sources */,
				4EA20B3A210113C8000A9BE2 /* RomanConverterView.swift in Sources */,
			);
			runOnlyForDeploymentPostprocessing = 0;
		};
/* End PBXSourcesBuildPhase section */

/* Begin PBXTargetDependency section */
		67C74C672101042400AF494E /* PBXTargetDependency */ = {
			isa = PBXTargetDependency;
			target = 67C74C502101042400AF494E /* SwiftLogica1 */;
			targetProxy = 67C74C662101042400AF494E /* PBXContainerItemProxy */;
		};
		67C74C722101042400AF494E /* PBXTargetDependency */ = {
			isa = PBXTargetDependency;
			target = 67C74C502101042400AF494E /* SwiftLogica1 */;
			targetProxy = 67C74C712101042400AF494E /* PBXContainerItemProxy */;
		};
/* End PBXTargetDependency section */

/* Begin PBXVariantGroup section */
		67C74C582101042400AF494E /* Main.storyboard */ = {
			isa = PBXVariantGroup;
			children = (
				67C74C592101042400AF494E /* Base */,
			);
			name = Main.storyboard;
			sourceTree = "<group>";
		};
		67C74C5D2101042400AF494E /* LaunchScreen.storyboard */ = {
			isa = PBXVariantGroup;
			children = (
				67C74C5E2101042400AF494E /* Base */,
			);
			name = LaunchScreen.storyboard;
			sourceTree = "<group>";
		};
/* End PBXVariantGroup section */

/* Begin XCBuildConfiguration section */
		67C74C772101042400AF494E /* Debug */ = {
			isa = XCBuildConfiguration;
			buildSettings = {
				ALWAYS_SEARCH_USER_PATHS = NO;
				CLANG_ANALYZER_NONNULL = YES;
				CLANG_ANALYZER_NUMBER_OBJECT_CONVERSION = YES_AGGRESSIVE;
				CLANG_CXX_LANGUAGE_STANDARD = "gnu++14";
				CLANG_CXX_LIBRARY = "libc++";
				CLANG_ENABLE_MODULES = YES;
				CLANG_ENABLE_OBJC_ARC = YES;
				CLANG_WARN_BLOCK_CAPTURE_AUTORELEASING = YES;
				CLANG_WARN_BOOL_CONVERSION = YES;
				CLANG_WARN_COMMA = YES;
				CLANG_WARN_CONSTANT_CONVERSION = YES;
				CLANG_WARN_DEPRECATED_OBJC_IMPLEMENTATIONS = YES;
				CLANG_WARN_DIRECT_OBJC_ISA_USAGE = YES_ERROR;
				CLANG_WARN_DOCUMENTATION_COMMENTS = YES;
				CLANG_WARN_EMPTY_BODY = YES;
				CLANG_WARN_ENUM_CONVERSION = YES;
				CLANG_WARN_INFINITE_RECURSION = YES;
				CLANG_WARN_INT_CONVERSION = YES;
				CLANG_WARN_NON_LITERAL_NULL_CONVERSION = YES;
				CLANG_WARN_OBJC_IMPLICIT_RETAIN_SELF = YES;
				CLANG_WARN_OBJC_LITERAL_CONVERSION = YES;
				CLANG_WARN_OBJC_ROOT_CLASS = YES_ERROR;
				CLANG_WARN_RANGE_LOOP_ANALYSIS = YES;
				CLANG_WARN_STRICT_PROTOTYPES = YES;
				CLANG_WARN_SUSPICIOUS_MOVE = YES;
				CLANG_WARN_UNGUARDED_AVAILABILITY = YES_AGGRESSIVE;
				CLANG_WARN_UNREACHABLE_CODE = YES;
				CLANG_WARN__DUPLICATE_METHOD_MATCH = YES;
				CODE_SIGN_IDENTITY = "iPhone Developer";
				COPY_PHASE_STRIP = NO;
				DEBUG_INFORMATION_FORMAT = dwarf;
				ENABLE_STRICT_OBJC_MSGSEND = YES;
				ENABLE_TESTABILITY = YES;
				GCC_C_LANGUAGE_STANDARD = gnu11;
				GCC_DYNAMIC_NO_PIC = NO;
				GCC_NO_COMMON_BLOCKS = YES;
				GCC_OPTIMIZATION_LEVEL = 0;
				GCC_PREPROCESSOR_DEFINITIONS = (
					"DEBUG=1",
					"$(inherited)",
				);
				GCC_WARN_64_TO_32_BIT_CONVERSION = YES;
				GCC_WARN_ABOUT_RETURN_TYPE = YES_ERROR;
				GCC_WARN_UNDECLARED_SELECTOR = YES;
				GCC_WARN_UNINITIALIZED_AUTOS = YES_AGGRESSIVE;
				GCC_WARN_UNUSED_FUNCTION = YES;
				GCC_WARN_UNUSED_VARIABLE = YES;
				IPHONEOS_DEPLOYMENT_TARGET = 11.2;
				MTL_ENABLE_DEBUG_INFO = YES;
				ONLY_ACTIVE_ARCH = YES;
				SDKROOT = iphoneos;
				SWIFT_ACTIVE_COMPILATION_CONDITIONS = DEBUG;
				SWIFT_OPTIMIZATION_LEVEL = "-Onone";
			};
			name = Debug;
		};
		67C74C782101042400AF494E /* Release */ = {
			isa = XCBuildConfiguration;
			buildSettings = {
				ALWAYS_SEARCH_USER_PATHS = NO;
				CLANG_ANALYZER_NONNULL = YES;
				CLANG_ANALYZER_NUMBER_OBJECT_CONVERSION = YES_AGGRESSIVE;
				CLANG_CXX_LANGUAGE_STANDARD = "gnu++14";
				CLANG_CXX_LIBRARY = "libc++";
				CLANG_ENABLE_MODULES = YES;
				CLANG_ENABLE_OBJC_ARC = YES;
				CLANG_WARN_BLOCK_CAPTURE_AUTORELEASING = YES;
				CLANG_WARN_BOOL_CONVERSION = YES;
				CLANG_WARN_COMMA = YES;
				CLANG_WARN_CONSTANT_CONVERSION = YES;
				CLANG_WARN_DEPRECATED_OBJC_IMPLEMENTATIONS = YES;
				CLANG_WARN_DIRECT_OBJC_ISA_USAGE = YES_ERROR;
				CLANG_WARN_DOCUMENTATION_COMMENTS = YES;
				CLANG_WARN_EMPTY_BODY = YES;
				CLANG_WARN_ENUM_CONVERSION = YES;
				CLANG_WARN_INFINITE_RECURSION = YES;
				CLANG_WARN_INT_CONVERSION = YES;
				CLANG_WARN_NON_LITERAL_NULL_CONVERSION = YES;
				CLANG_WARN_OBJC_IMPLICIT_RETAIN_SELF = YES;
				CLANG_WARN_OBJC_LITERAL_CONVERSION = YES;
				CLANG_WARN_OBJC_ROOT_CLASS = YES_ERROR;
				CLANG_WARN_RANGE_LOOP_ANALYSIS = YES;
				CLANG_WARN_STRICT_PROTOTYPES = YES;
				CLANG_WARN_SUSPICIOUS_MOVE = YES;
				CLANG_WARN_UNGUARDED_AVAILABILITY = YES_AGGRESSIVE;
				CLANG_WARN_UNREACHABLE_CODE = YES;
				CLANG_WARN__DUPLICATE_METHOD_MATCH = YES;
				CODE_SIGN_IDENTITY = "iPhone Developer";
				COPY_PHASE_STRIP = NO;
				DEBUG_INFORMATION_FORMAT = "dwarf-with-dsym";
				ENABLE_NS_ASSERTIONS = NO;
				ENABLE_STRICT_OBJC_MSGSEND = YES;
				GCC_C_LANGUAGE_STANDARD = gnu11;
				GCC_NO_COMMON_BLOCKS = YES;
				GCC_WARN_64_TO_32_BIT_CONVERSION = YES;
				GCC_WARN_ABOUT_RETURN_TYPE = YES_ERROR;
				GCC_WARN_UNDECLARED_SELECTOR = YES;
				GCC_WARN_UNINITIALIZED_AUTOS = YES_AGGRESSIVE;
				GCC_WARN_UNUSED_FUNCTION = YES;
				GCC_WARN_UNUSED_VARIABLE = YES;
				IPHONEOS_DEPLOYMENT_TARGET = 11.2;
				MTL_ENABLE_DEBUG_INFO = NO;
				SDKROOT = iphoneos;
				SWIFT_OPTIMIZATION_LEVEL = "-Owholemodule";
				VALIDATE_PRODUCT = YES;
			};
			name = Release;
		};
		67C74C7A2101042400AF494E /* Debug */ = {
			isa = XCBuildConfiguration;
			baseConfigurationReference = EE4417A3412FD12AC9872A83 /* Pods-SwiftLogica1.debug.xcconfig */;
			buildSettings = {
				ASSETCATALOG_COMPILER_APPICON_NAME = AppIcon;
				CODE_SIGN_STYLE = Automatic;
				INFOPLIST_FILE = SwiftLogica1/Info.plist;
				LD_RUNPATH_SEARCH_PATHS = "$(inherited) @executable_path/Frameworks";
				PRODUCT_BUNDLE_IDENTIFIER = com.pcmassuci.SwiftLogica1;
				PRODUCT_NAME = "$(TARGET_NAME)";
				SWIFT_VERSION = 4.0;
				TARGETED_DEVICE_FAMILY = "1,2";
			};
			name = Debug;
		};
		67C74C7B2101042400AF494E /* Release */ = {
			isa = XCBuildConfiguration;
			baseConfigurationReference = 22C43AAB2CDE70A6DA8AB243 /* Pods-SwiftLogica1.release.xcconfig */;
			buildSettings = {
				ASSETCATALOG_COMPILER_APPICON_NAME = AppIcon;
				CODE_SIGN_STYLE = Automatic;
				INFOPLIST_FILE = SwiftLogica1/Info.plist;
				LD_RUNPATH_SEARCH_PATHS = "$(inherited) @executable_path/Frameworks";
				PRODUCT_BUNDLE_IDENTIFIER = com.pcmassuci.SwiftLogica1;
				PRODUCT_NAME = "$(TARGET_NAME)";
				SWIFT_VERSION = 4.0;
				TARGETED_DEVICE_FAMILY = "1,2";
			};
			name = Release;
		};
		67C74C7D2101042400AF494E /* Debug */ = {
			isa = XCBuildConfiguration;
			baseConfigurationReference = 4AFD9E6E1F6CA6A53AB48818 /* Pods-SwiftLogica1Tests.debug.xcconfig */;
			buildSettings = {
				ALWAYS_EMBED_SWIFT_STANDARD_LIBRARIES = YES;
				BUNDLE_LOADER = "$(TEST_HOST)";
				CODE_SIGN_STYLE = Automatic;
				INFOPLIST_FILE = SwiftLogica1Tests/Info.plist;
				LD_RUNPATH_SEARCH_PATHS = "$(inherited) @executable_path/Frameworks @loader_path/Frameworks";
				PRODUCT_BUNDLE_IDENTIFIER = com.pcmassuci.SwiftLogica1Tests;
				PRODUCT_NAME = "$(TARGET_NAME)";
				SWIFT_VERSION = 4.0;
				TARGETED_DEVICE_FAMILY = "1,2";
				TEST_HOST = "$(BUILT_PRODUCTS_DIR)/SwiftLogica1.app/SwiftLogica1";
			};
			name = Debug;
		};
		67C74C7E2101042400AF494E /* Release */ = {
			isa = XCBuildConfiguration;
			baseConfigurationReference = 3F77867BBB6844B136B7670C /* Pods-SwiftLogica1Tests.release.xcconfig */;
			buildSettings = {
				ALWAYS_EMBED_SWIFT_STANDARD_LIBRARIES = YES;
				BUNDLE_LOADER = "$(TEST_HOST)";
				CODE_SIGN_STYLE = Automatic;
				INFOPLIST_FILE = SwiftLogica1Tests/Info.plist;
				LD_RUNPATH_SEARCH_PATHS = "$(inherited) @executable_path/Frameworks @loader_path/Frameworks";
				PRODUCT_BUNDLE_IDENTIFIER = com.pcmassuci.SwiftLogica1Tests;
				PRODUCT_NAME = "$(TARGET_NAME)";
				SWIFT_VERSION = 4.0;
				TARGETED_DEVICE_FAMILY = "1,2";
				TEST_HOST = "$(BUILT_PRODUCTS_DIR)/SwiftLogica1.app/SwiftLogica1";
			};
			name = Release;
		};
		67C74C802101042400AF494E /* Debug */ = {
			isa = XCBuildConfiguration;
			baseConfigurationReference = 44A76E8774AB14166988CEE4 /* Pods-SwiftLogica1UITests.debug.xcconfig */;
			buildSettings = {
				ALWAYS_EMBED_SWIFT_STANDARD_LIBRARIES = YES;
				CODE_SIGN_STYLE = Automatic;
				INFOPLIST_FILE = SwiftLogica1UITests/Info.plist;
				LD_RUNPATH_SEARCH_PATHS = "$(inherited) @executable_path/Frameworks @loader_path/Frameworks";
				PRODUCT_BUNDLE_IDENTIFIER = com.pcmassuci.SwiftLogica1UITests;
				PRODUCT_NAME = "$(TARGET_NAME)";
				SWIFT_VERSION = 4.0;
				TARGETED_DEVICE_FAMILY = "1,2";
				TEST_TARGET_NAME = SwiftLogica1;
			};
			name = Debug;
		};
		67C74C812101042400AF494E /* Release */ = {
			isa = XCBuildConfiguration;
			baseConfigurationReference = E34F8E3C39ECBFA25E223CAF /* Pods-SwiftLogica1UITests.release.xcconfig */;
			buildSettings = {
				ALWAYS_EMBED_SWIFT_STANDARD_LIBRARIES = YES;
				CODE_SIGN_STYLE = Automatic;
				INFOPLIST_FILE = SwiftLogica1UITests/Info.plist;
				LD_RUNPATH_SEARCH_PATHS = "$(inherited) @executable_path/Frameworks @loader_path/Frameworks";
				PRODUCT_BUNDLE_IDENTIFIER = com.pcmassuci.SwiftLogica1UITests;
				PRODUCT_NAME = "$(TARGET_NAME)";
				SWIFT_VERSION = 4.0;
				TARGETED_DEVICE_FAMILY = "1,2";
				TEST_TARGET_NAME = SwiftLogica1;
			};
			name = Release;
		};
/* End XCBuildConfiguration section */

/* Begin XCConfigurationList section */
		67C74C4C2101042300AF494E /* Build configuration list for PBXProject "SwiftLogica1" */ = {
			isa = XCConfigurationList;
			buildConfigurations = (
				67C74C772101042400AF494E /* Debug */,
				67C74C782101042400AF494E /* Release */,
			);
			defaultConfigurationIsVisible = 0;
			defaultConfigurationName = Release;
		};
		67C74C792101042400AF494E /* Build configuration list for PBXNativeTarget "SwiftLogica1" */ = {
			isa = XCConfigurationList;
			buildConfigurations = (
				67C74C7A2101042400AF494E /* Debug */,
				67C74C7B2101042400AF494E /* Release */,
			);
			defaultConfigurationIsVisible = 0;
			defaultConfigurationName = Release;
		};
		67C74C7C2101042400AF494E /* Build configuration list for PBXNativeTarget "SwiftLogica1Tests" */ = {
			isa = XCConfigurationList;
			buildConfigurations = (
				67C74C7D2101042400AF494E /* Debug */,
				67C74C7E2101042400AF494E /* Release */,
			);
			defaultConfigurationIsVisible = 0;
			defaultConfigurationName = Release;
		};
		67C74C7F2101042400AF494E /* Build configuration list for PBXNativeTarget "SwiftLogica1UITests" */ = {
			isa = XCConfigurationList;
			buildConfigurations = (
				67C74C802101042400AF494E /* Debug */,
				67C74C812101042400AF494E /* Release */,
			);
			defaultConfigurationIsVisible = 0;
			defaultConfigurationName = Release;
		};
/* End XCConfigurationList section */
	};
	rootObject = 67C74C492101042300AF494E /* Project object */;
}
